
Microsoft Visual Studio Solution File, Format Version 12.00
Project("{2150E333-8FDC-42A3-9474-1A3956D46DE8}") = "Services", "Services", "{6B53CBFE-C3BD-467F-9BAE-D501815E01AA}"
EndProject
Project("{2150E333-8FDC-42A3-9474-1A3956D46DE8}") = "Shared", "Shared", "{EEC08826-CC1D-4291-8A65-EC35DA04AAEF}"
EndProject
Project("{FAE04EC0-301F-11D3-BF4B-00C04F79EFBC}") = "Infrastructure", "src\Shared\Infrastructure\Infrastructure.csproj", "{42AB1EB9-D8CB-41C1-BBC6-84073A9A8D4D}"
EndProject
Project("{2150E333-8FDC-42A3-9474-1A3956D46DE8}") = "UserService", "UserService", "{818D26FA-3A52-4AF8-98A5-3C1AEBFD548B}"
EndProject
Project("{FAE04EC0-301F-11D3-BF4B-00C04F79EFBC}") = "UserService.Api", "src\Services\UserService\UserService.Api\UserService.Api.csproj", "{1D319322-1DB6-4399-9B39-D340AC4F9929}"
EndProject
Project("{FAE04EC0-301F-11D3-BF4B-00C04F79EFBC}") = "UserService.AppCore", "src\Services\UserService\UserService.AppCore\UserService.AppCore.csproj", "{C546B19B-1B7E-4A34-8BDC-C846DF29FF0C}"
EndProject
Project("{FAE04EC0-301F-11D3-BF4B-00C04F79EFBC}") = "UserService.Infrastructure", "src\Services\UserService\UserService.Infrastructure\UserService.Infrastructure.csproj", "{3BB7CFE1-F063-439F-BFA8-5BDF6AFAD727}"
EndProject
Project("{FAE04EC0-301F-11D3-BF4B-00C04F79EFBC}") = "Core", "src\Shared\Core\Core.csproj", "{E2F134D4-69AA-4F74-A4F7-DC0AB73CDB88}"
EndProject
Project("{FAE04EC0-301F-11D3-BF4B-00C04F79EFBC}") = "Contracts", "src\Shared\Contracts\Contracts.csproj", "{91218794-B3C6-4B37-9894-D3A9097F2FC6}"
EndProject
Project("{FAE04EC0-301F-11D3-BF4B-00C04F79EFBC}") = "Infrastructure.EfCore", "src\Shared\Infrastructure.EfCore\Infrastructure.EfCore.csproj", "{9437C09E-610F-4BB2-A9E2-479EDD57C690}"
EndProject
Project("{FAE04EC0-301F-11D3-BF4B-00C04F79EFBC}") = "Infrastructure.Mongodb", "src\Shared\Infrastructure.Mongodb\Infrastructure.Mongodb.csproj", "{A37D9748-1DA3-4404-83B4-80B40383B97C}"
EndProject
Project("{2150E333-8FDC-42A3-9474-1A3956D46DE8}") = "TripService", "TripService", "{324FE1BF-C996-4D30-B61A-9F97758CC4FB}"
EndProject
Project("{2150E333-8FDC-42A3-9474-1A3956D46DE8}") = "NotificationService", "NotificationService", "{1DC2CA0B-CFE3-4DCD-A8D3-E6BEDAB7FCCB}"
EndProject
Project("{FAE04EC0-301F-11D3-BF4B-00C04F79EFBC}") = "TripService.Api", "src\Services\TripService\TripService.Api\TripService.Api.csproj", "{8E627EE5-2C20-4A17-8995-6BE12C3E8D59}"
EndProject
Project("{FAE04EC0-301F-11D3-BF4B-00C04F79EFBC}") = "TripService.AppCore", "src\Services\TripService\TripService.AppCore\TripService.AppCore.csproj", "{4DA71563-7372-472D-83D5-3AD98666592B}"
EndProject
Project("{FAE04EC0-301F-11D3-BF4B-00C04F79EFBC}") = "TripService.Infrastructure", "src\Services\TripService\TripService.Infrastructure\TripService.Infrastructure.csproj", "{1C7EB2A4-E433-40E1-94A6-F0029F5096C3}"
EndProject
Project("{FAE04EC0-301F-11D3-BF4B-00C04F79EFBC}") = "NotificationService.Api", "src\Services\NotificationService\NotificationService.Api\NotificationService.Api.csproj", "{5310F853-6131-4504-8018-684578728637}"
EndProject
Project("{FAE04EC0-301F-11D3-BF4B-00C04F79EFBC}") = "NotificationService.AppCore", "src\Services\NotificationService\NotificationService.AppCore\NotificationService.AppCore.csproj", "{BDAF1C24-ADF6-4F99-96C3-9B3C5211A6A0}"
EndProject
Project("{FAE04EC0-301F-11D3-BF4B-00C04F79EFBC}") = "NotificationService.Infrastructure", "src\Services\NotificationService\NotificationService.Infrastructure\NotificationService.Infrastructure.csproj", "{00BC181A-D299-4BC8-8D96-154B3D9BED55}"
EndProject
Project("{2150E333-8FDC-42A3-9474-1A3956D46DE8}") = "DriverService", "DriverService", "{E645F06B-57D1-4668-BF7A-2AADB7C3728F}"
EndProject
Project("{FAE04EC0-301F-11D3-BF4B-00C04F79EFBC}") = "DriverService.Api", "src\Services\DriverService\DriverService.Api\DriverService.Api.csproj", "{881CD613-BC05-43EC-88F3-69890E823BB4}"
EndProject
Project("{FAE04EC0-301F-11D3-BF4B-00C04F79EFBC}") = "DriverService.AppCore", "src\Services\DriverService\DriverService.AppCore\DriverService.AppCore.csproj", "{C2511BA1-FC95-4AA7-957A-2B82E07765E3}"
EndProject
Project("{FAE04EC0-301F-11D3-BF4B-00C04F79EFBC}") = "DriverService.Infrastructure", "src\Services\DriverService\DriverService.Infrastructure\DriverService.Infrastructure.csproj", "{EA439BF3-36E6-4331-B4B9-D29A97322D37}"
EndProject
Project("{FAE04EC0-301F-11D3-BF4B-00C04F79EFBC}") = "Infrastructure.Redis", "src\Shared\Infrastructure.Redis\Infrastructure.Redis.csproj", "{859401E5-249B-4226-9038-099A32A20E5C}"
EndProject
Project("{2150E333-8FDC-42A3-9474-1A3956D46DE8}") = "TrackingService", "TrackingService", "{3921D751-A41B-47C8-8EF8-8B863D7908C1}"
EndProject
Project("{FAE04EC0-301F-11D3-BF4B-00C04F79EFBC}") = "TrackingService.AppCore", "src\Services\TrackingService\TrackingService.AppCore\TrackingService.AppCore.csproj", "{AF43FCCF-DB69-44BD-BEB1-AA0E30D0472F}"
EndProject
Project("{FAE04EC0-301F-11D3-BF4B-00C04F79EFBC}") = "TrackingService.Infrastructure", "src\Services\TrackingService\TrackingService.Infrastructure\TrackingService.Infrastructure.csproj", "{D9F509E1-5A7C-4622-BEBE-3EC6C886B1BB}"
EndProject
Project("{FAE04EC0-301F-11D3-BF4B-00C04F79EFBC}") = "TrackingService.Api", "src\Services\TrackingService\TrackingService.Api\TrackingService.Api.csproj", "{3F07905D-A152-40B7-8C95-77233B10033C}"
EndProject
Project("{FAE04EC0-301F-11D3-BF4B-00C04F79EFBC}") = "Infrastructure.SignaIR", "src\Shared\Infrastructure.SignaIR\Infrastructure.SignaIR.csproj", "{E56DB287-CA89-40AE-84A7-F66E253BD215}"
EndProject
Project("{2150E333-8FDC-42A3-9474-1A3956D46DE8}") = "src", "src", "{BAC5843E-30FA-41B6-B028-41D136704321}"
EndProject
Project("{2150E333-8FDC-42A3-9474-1A3956D46DE8}") = "test", "test", "{E2E8BB56-0564-4C05-9794-56F6873A8176}"
EndProject
Project("{FAE04EC0-301F-11D3-BF4B-00C04F79EFBC}") = "UserService.AppCore.Test", "test\UserService.AppCore.Test\UserService.AppCore.Test.csproj", "{0B113E8D-99A7-48C4-A365-D9CA554D12C1}"
EndProject
Project("{2150E333-8FDC-42A3-9474-1A3956D46DE8}") = "__", "__", "{1297B222-FB47-4126-B889-994BD0A72C11}"
	ProjectSection(SolutionItems) = preProject
		__dev\docker-compose.dev.yml = __dev\docker-compose.dev.yml
	EndProjectSection
EndProject
Project("{2150E333-8FDC-42A3-9474-1A3956D46DE8}") = "IdentityService", "IdentityService", "{A02446FF-A424-477F-846B-B2D56EC13E98}"
EndProject
Project("{FAE04EC0-301F-11D3-BF4B-00C04F79EFBC}") = "IdentityService.Api", "src\Services\IdentityService\IdentityService.Api\IdentityService.Api.csproj", "{719A12D2-99BE-43F3-9FB7-DCC0003300C6}"
EndProject
Global
	GlobalSection(SolutionConfigurationPlatforms) = preSolution
		Debug|Any CPU = Debug|Any CPU
		Release|Any CPU = Release|Any CPU
	EndGlobalSection
	GlobalSection(NestedProjects) = preSolution
		{42AB1EB9-D8CB-41C1-BBC6-84073A9A8D4D} = {EEC08826-CC1D-4291-8A65-EC35DA04AAEF}
		{818D26FA-3A52-4AF8-98A5-3C1AEBFD548B} = {6B53CBFE-C3BD-467F-9BAE-D501815E01AA}
		{1D319322-1DB6-4399-9B39-D340AC4F9929} = {818D26FA-3A52-4AF8-98A5-3C1AEBFD548B}
		{C546B19B-1B7E-4A34-8BDC-C846DF29FF0C} = {818D26FA-3A52-4AF8-98A5-3C1AEBFD548B}
		{3BB7CFE1-F063-439F-BFA8-5BDF6AFAD727} = {818D26FA-3A52-4AF8-98A5-3C1AEBFD548B}
		{E2F134D4-69AA-4F74-A4F7-DC0AB73CDB88} = {EEC08826-CC1D-4291-8A65-EC35DA04AAEF}
		{91218794-B3C6-4B37-9894-D3A9097F2FC6} = {EEC08826-CC1D-4291-8A65-EC35DA04AAEF}
		{9437C09E-610F-4BB2-A9E2-479EDD57C690} = {EEC08826-CC1D-4291-8A65-EC35DA04AAEF}
		{A37D9748-1DA3-4404-83B4-80B40383B97C} = {EEC08826-CC1D-4291-8A65-EC35DA04AAEF}
		{324FE1BF-C996-4D30-B61A-9F97758CC4FB} = {6B53CBFE-C3BD-467F-9BAE-D501815E01AA}
		{1DC2CA0B-CFE3-4DCD-A8D3-E6BEDAB7FCCB} = {6B53CBFE-C3BD-467F-9BAE-D501815E01AA}
		{8E627EE5-2C20-4A17-8995-6BE12C3E8D59} = {324FE1BF-C996-4D30-B61A-9F97758CC4FB}
		{4DA71563-7372-472D-83D5-3AD98666592B} = {324FE1BF-C996-4D30-B61A-9F97758CC4FB}
		{1C7EB2A4-E433-40E1-94A6-F0029F5096C3} = {324FE1BF-C996-4D30-B61A-9F97758CC4FB}
		{5310F853-6131-4504-8018-684578728637} = {1DC2CA0B-CFE3-4DCD-A8D3-E6BEDAB7FCCB}
		{BDAF1C24-ADF6-4F99-96C3-9B3C5211A6A0} = {1DC2CA0B-CFE3-4DCD-A8D3-E6BEDAB7FCCB}
		{00BC181A-D299-4BC8-8D96-154B3D9BED55} = {1DC2CA0B-CFE3-4DCD-A8D3-E6BEDAB7FCCB}
		{E645F06B-57D1-4668-BF7A-2AADB7C3728F} = {6B53CBFE-C3BD-467F-9BAE-D501815E01AA}
		{881CD613-BC05-43EC-88F3-69890E823BB4} = {E645F06B-57D1-4668-BF7A-2AADB7C3728F}
		{C2511BA1-FC95-4AA7-957A-2B82E07765E3} = {E645F06B-57D1-4668-BF7A-2AADB7C3728F}
		{EA439BF3-36E6-4331-B4B9-D29A97322D37} = {E645F06B-57D1-4668-BF7A-2AADB7C3728F}
		{859401E5-249B-4226-9038-099A32A20E5C} = {EEC08826-CC1D-4291-8A65-EC35DA04AAEF}
		{3921D751-A41B-47C8-8EF8-8B863D7908C1} = {6B53CBFE-C3BD-467F-9BAE-D501815E01AA}
		{AF43FCCF-DB69-44BD-BEB1-AA0E30D0472F} = {3921D751-A41B-47C8-8EF8-8B863D7908C1}
		{D9F509E1-5A7C-4622-BEBE-3EC6C886B1BB} = {3921D751-A41B-47C8-8EF8-8B863D7908C1}
		{3F07905D-A152-40B7-8C95-77233B10033C} = {3921D751-A41B-47C8-8EF8-8B863D7908C1}
		{E56DB287-CA89-40AE-84A7-F66E253BD215} = {EEC08826-CC1D-4291-8A65-EC35DA04AAEF}
		{6B53CBFE-C3BD-467F-9BAE-D501815E01AA} = {BAC5843E-30FA-41B6-B028-41D136704321}
		{EEC08826-CC1D-4291-8A65-EC35DA04AAEF} = {BAC5843E-30FA-41B6-B028-41D136704321}
		{0B113E8D-99A7-48C4-A365-D9CA554D12C1} = {E2E8BB56-0564-4C05-9794-56F6873A8176}
		{A02446FF-A424-477F-846B-B2D56EC13E98} = {6B53CBFE-C3BD-467F-9BAE-D501815E01AA}
		{719A12D2-99BE-43F3-9FB7-DCC0003300C6} = {A02446FF-A424-477F-846B-B2D56EC13E98}
	EndGlobalSection
	GlobalSection(ProjectConfigurationPlatforms) = postSolution
		{42AB1EB9-D8CB-41C1-BBC6-84073A9A8D4D}.Debug|Any CPU.ActiveCfg = Debug|Any CPU
		{42AB1EB9-D8CB-41C1-BBC6-84073A9A8D4D}.Debug|Any CPU.Build.0 = Debug|Any CPU
		{42AB1EB9-D8CB-41C1-BBC6-84073A9A8D4D}.Release|Any CPU.ActiveCfg = Release|Any CPU
		{42AB1EB9-D8CB-41C1-BBC6-84073A9A8D4D}.Release|Any CPU.Build.0 = Release|Any CPU
		{1D319322-1DB6-4399-9B39-D340AC4F9929}.Debug|Any CPU.ActiveCfg = Debug|Any CPU
		{1D319322-1DB6-4399-9B39-D340AC4F9929}.Debug|Any CPU.Build.0 = Debug|Any CPU
		{1D319322-1DB6-4399-9B39-D340AC4F9929}.Release|Any CPU.ActiveCfg = Release|Any CPU
		{1D319322-1DB6-4399-9B39-D340AC4F9929}.Release|Any CPU.Build.0 = Release|Any CPU
		{C546B19B-1B7E-4A34-8BDC-C846DF29FF0C}.Debug|Any CPU.ActiveCfg = Debug|Any CPU
		{C546B19B-1B7E-4A34-8BDC-C846DF29FF0C}.Debug|Any CPU.Build.0 = Debug|Any CPU
		{C546B19B-1B7E-4A34-8BDC-C846DF29FF0C}.Release|Any CPU.ActiveCfg = Release|Any CPU
		{C546B19B-1B7E-4A34-8BDC-C846DF29FF0C}.Release|Any CPU.Build.0 = Release|Any CPU
		{3BB7CFE1-F063-439F-BFA8-5BDF6AFAD727}.Debug|Any CPU.ActiveCfg = Debug|Any CPU
		{3BB7CFE1-F063-439F-BFA8-5BDF6AFAD727}.Debug|Any CPU.Build.0 = Debug|Any CPU
		{3BB7CFE1-F063-439F-BFA8-5BDF6AFAD727}.Release|Any CPU.ActiveCfg = Release|Any CPU
		{3BB7CFE1-F063-439F-BFA8-5BDF6AFAD727}.Release|Any CPU.Build.0 = Release|Any CPU
		{E2F134D4-69AA-4F74-A4F7-DC0AB73CDB88}.Debug|Any CPU.ActiveCfg = Debug|Any CPU
		{E2F134D4-69AA-4F74-A4F7-DC0AB73CDB88}.Debug|Any CPU.Build.0 = Debug|Any CPU
		{E2F134D4-69AA-4F74-A4F7-DC0AB73CDB88}.Release|Any CPU.ActiveCfg = Release|Any CPU
		{E2F134D4-69AA-4F74-A4F7-DC0AB73CDB88}.Release|Any CPU.Build.0 = Release|Any CPU
		{91218794-B3C6-4B37-9894-D3A9097F2FC6}.Debug|Any CPU.ActiveCfg = Debug|Any CPU
		{91218794-B3C6-4B37-9894-D3A9097F2FC6}.Debug|Any CPU.Build.0 = Debug|Any CPU
		{91218794-B3C6-4B37-9894-D3A9097F2FC6}.Release|Any CPU.ActiveCfg = Release|Any CPU
		{91218794-B3C6-4B37-9894-D3A9097F2FC6}.Release|Any CPU.Build.0 = Release|Any CPU
		{9437C09E-610F-4BB2-A9E2-479EDD57C690}.Debug|Any CPU.ActiveCfg = Debug|Any CPU
		{9437C09E-610F-4BB2-A9E2-479EDD57C690}.Debug|Any CPU.Build.0 = Debug|Any CPU
		{9437C09E-610F-4BB2-A9E2-479EDD57C690}.Release|Any CPU.ActiveCfg = Release|Any CPU
		{9437C09E-610F-4BB2-A9E2-479EDD57C690}.Release|Any CPU.Build.0 = Release|Any CPU
		{A37D9748-1DA3-4404-83B4-80B40383B97C}.Debug|Any CPU.ActiveCfg = Debug|Any CPU
		{A37D9748-1DA3-4404-83B4-80B40383B97C}.Debug|Any CPU.Build.0 = Debug|Any CPU
		{A37D9748-1DA3-4404-83B4-80B40383B97C}.Release|Any CPU.ActiveCfg = Release|Any CPU
		{A37D9748-1DA3-4404-83B4-80B40383B97C}.Release|Any CPU.Build.0 = Release|Any CPU
		{8E627EE5-2C20-4A17-8995-6BE12C3E8D59}.Debug|Any CPU.ActiveCfg = Debug|Any CPU
		{8E627EE5-2C20-4A17-8995-6BE12C3E8D59}.Debug|Any CPU.Build.0 = Debug|Any CPU
		{8E627EE5-2C20-4A17-8995-6BE12C3E8D59}.Release|Any CPU.ActiveCfg = Release|Any CPU
		{8E627EE5-2C20-4A17-8995-6BE12C3E8D59}.Release|Any CPU.Build.0 = Release|Any CPU
		{4DA71563-7372-472D-83D5-3AD98666592B}.Debug|Any CPU.ActiveCfg = Debug|Any CPU
		{4DA71563-7372-472D-83D5-3AD98666592B}.Debug|Any CPU.Build.0 = Debug|Any CPU
		{4DA71563-7372-472D-83D5-3AD98666592B}.Release|Any CPU.ActiveCfg = Release|Any CPU
		{4DA71563-7372-472D-83D5-3AD98666592B}.Release|Any CPU.Build.0 = Release|Any CPU
		{1C7EB2A4-E433-40E1-94A6-F0029F5096C3}.Debug|Any CPU.ActiveCfg = Debug|Any CPU
		{1C7EB2A4-E433-40E1-94A6-F0029F5096C3}.Debug|Any CPU.Build.0 = Debug|Any CPU
		{1C7EB2A4-E433-40E1-94A6-F0029F5096C3}.Release|Any CPU.ActiveCfg = Release|Any CPU
		{1C7EB2A4-E433-40E1-94A6-F0029F5096C3}.Release|Any CPU.Build.0 = Release|Any CPU
		{5310F853-6131-4504-8018-684578728637}.Debug|Any CPU.ActiveCfg = Debug|Any CPU
		{5310F853-6131-4504-8018-684578728637}.Debug|Any CPU.Build.0 = Debug|Any CPU
		{5310F853-6131-4504-8018-684578728637}.Release|Any CPU.ActiveCfg = Release|Any CPU
		{5310F853-6131-4504-8018-684578728637}.Release|Any CPU.Build.0 = Release|Any CPU
		{BDAF1C24-ADF6-4F99-96C3-9B3C5211A6A0}.Debug|Any CPU.ActiveCfg = Debug|Any CPU
		{BDAF1C24-ADF6-4F99-96C3-9B3C5211A6A0}.Debug|Any CPU.Build.0 = Debug|Any CPU
		{BDAF1C24-ADF6-4F99-96C3-9B3C5211A6A0}.Release|Any CPU.ActiveCfg = Release|Any CPU
		{BDAF1C24-ADF6-4F99-96C3-9B3C5211A6A0}.Release|Any CPU.Build.0 = Release|Any CPU
		{00BC181A-D299-4BC8-8D96-154B3D9BED55}.Debug|Any CPU.ActiveCfg = Debug|Any CPU
		{00BC181A-D299-4BC8-8D96-154B3D9BED55}.Debug|Any CPU.Build.0 = Debug|Any CPU
		{00BC181A-D299-4BC8-8D96-154B3D9BED55}.Release|Any CPU.ActiveCfg = Release|Any CPU
		{00BC181A-D299-4BC8-8D96-154B3D9BED55}.Release|Any CPU.Build.0 = Release|Any CPU
		{881CD613-BC05-43EC-88F3-69890E823BB4}.Debug|Any CPU.ActiveCfg = Debug|Any CPU
		{881CD613-BC05-43EC-88F3-69890E823BB4}.Debug|Any CPU.Build.0 = Debug|Any CPU
		{881CD613-BC05-43EC-88F3-69890E823BB4}.Release|Any CPU.ActiveCfg = Release|Any CPU
		{881CD613-BC05-43EC-88F3-69890E823BB4}.Release|Any CPU.Build.0 = Release|Any CPU
		{C2511BA1-FC95-4AA7-957A-2B82E07765E3}.Debug|Any CPU.ActiveCfg = Debug|Any CPU
		{C2511BA1-FC95-4AA7-957A-2B82E07765E3}.Debug|Any CPU.Build.0 = Debug|Any CPU
		{C2511BA1-FC95-4AA7-957A-2B82E07765E3}.Release|Any CPU.ActiveCfg = Release|Any CPU
		{C2511BA1-FC95-4AA7-957A-2B82E07765E3}.Release|Any CPU.Build.0 = Release|Any CPU
		{EA439BF3-36E6-4331-B4B9-D29A97322D37}.Debug|Any CPU.ActiveCfg = Debug|Any CPU
		{EA439BF3-36E6-4331-B4B9-D29A97322D37}.Debug|Any CPU.Build.0 = Debug|Any CPU
		{EA439BF3-36E6-4331-B4B9-D29A97322D37}.Release|Any CPU.ActiveCfg = Release|Any CPU
		{EA439BF3-36E6-4331-B4B9-D29A97322D37}.Release|Any CPU.Build.0 = Release|Any CPU
		{859401E5-249B-4226-9038-099A32A20E5C}.Debug|Any CPU.ActiveCfg = Debug|Any CPU
		{859401E5-249B-4226-9038-099A32A20E5C}.Debug|Any CPU.Build.0 = Debug|Any CPU
		{859401E5-249B-4226-9038-099A32A20E5C}.Release|Any CPU.ActiveCfg = Release|Any CPU
		{859401E5-249B-4226-9038-099A32A20E5C}.Release|Any CPU.Build.0 = Release|Any CPU
		{AF43FCCF-DB69-44BD-BEB1-AA0E30D0472F}.Debug|Any CPU.ActiveCfg = Debug|Any CPU
		{AF43FCCF-DB69-44BD-BEB1-AA0E30D0472F}.Debug|Any CPU.Build.0 = Debug|Any CPU
		{AF43FCCF-DB69-44BD-BEB1-AA0E30D0472F}.Release|Any CPU.ActiveCfg = Release|Any CPU
		{AF43FCCF-DB69-44BD-BEB1-AA0E30D0472F}.Release|Any CPU.Build.0 = Release|Any CPU
		{D9F509E1-5A7C-4622-BEBE-3EC6C886B1BB}.Debug|Any CPU.ActiveCfg = Debug|Any CPU
		{D9F509E1-5A7C-4622-BEBE-3EC6C886B1BB}.Debug|Any CPU.Build.0 = Debug|Any CPU
		{D9F509E1-5A7C-4622-BEBE-3EC6C886B1BB}.Release|Any CPU.ActiveCfg = Release|Any CPU
		{D9F509E1-5A7C-4622-BEBE-3EC6C886B1BB}.Release|Any CPU.Build.0 = Release|Any CPU
		{3F07905D-A152-40B7-8C95-77233B10033C}.Debug|Any CPU.ActiveCfg = Debug|Any CPU
		{3F07905D-A152-40B7-8C95-77233B10033C}.Debug|Any CPU.Build.0 = Debug|Any CPU
		{3F07905D-A152-40B7-8C95-77233B10033C}.Release|Any CPU.ActiveCfg = Release|Any CPU
		{3F07905D-A152-40B7-8C95-77233B10033C}.Release|Any CPU.Build.0 = Release|Any CPU
		{E56DB287-CA89-40AE-84A7-F66E253BD215}.Debug|Any CPU.ActiveCfg = Debug|Any CPU
		{E56DB287-CA89-40AE-84A7-F66E253BD215}.Debug|Any CPU.Build.0 = Debug|Any CPU
		{E56DB287-CA89-40AE-84A7-F66E253BD215}.Release|Any CPU.ActiveCfg = Release|Any CPU
		{E56DB287-CA89-40AE-84A7-F66E253BD215}.Release|Any CPU.Build.0 = Release|Any CPU
		{0B113E8D-99A7-48C4-A365-D9CA554D12C1}.Debug|Any CPU.ActiveCfg = Debug|Any CPU
		{0B113E8D-99A7-48C4-A365-D9CA554D12C1}.Debug|Any CPU.Build.0 = Debug|Any CPU
		{0B113E8D-99A7-48C4-A365-D9CA554D12C1}.Release|Any CPU.ActiveCfg = Release|Any CPU
		{0B113E8D-99A7-48C4-A365-D9CA554D12C1}.Release|Any CPU.Build.0 = Release|Any CPU
		{719A12D2-99BE-43F3-9FB7-DCC0003300C6}.Debug|Any CPU.ActiveCfg = Debug|Any CPU
		{719A12D2-99BE-43F3-9FB7-DCC0003300C6}.Debug|Any CPU.Build.0 = Debug|Any CPU
		{719A12D2-99BE-43F3-9FB7-DCC0003300C6}.Release|Any CPU.ActiveCfg = Release|Any CPU
		{719A12D2-99BE-43F3-9FB7-DCC0003300C6}.Release|Any CPU.Build.0 = Release|Any CPU
	EndGlobalSection
EndGlobal
