
Microsoft Visual Studio Solution File, Format Version 12.00
Project("{2150E333-8FDC-42A3-9474-1A3956D46DE8}") = "Services", "Services", "{6B53CBFE-C3BD-467F-9BAE-D501815E01AA}"
EndProject
Project("{2150E333-8FDC-42A3-9474-1A3956D46DE8}") = "Shared", "Shared", "{EEC08826-CC1D-4291-8A65-EC35DA04AAEF}"
EndProject
Project("{FAE04EC0-301F-11D3-BF4B-00C04F79EFBC}") = "Infrastructure", "src\Shared\Infrastructure\Infrastructure.csproj", "{42AB1EB9-D8CB-41C1-BBC6-84073A9A8D4D}"
EndProject
Project("{2150E333-8FDC-42A3-9474-1A3956D46DE8}") = "UserService", "UserService", "{818D26FA-3A52-4AF8-98A5-3C1AEBFD548B}"
EndProject
Project("{FAE04EC0-301F-11D3-BF4B-00C04F79EFBC}") = "UserService.Api", "src\Services\UserService\UserService.Api\UserService.Api.csproj", "{1D319322-1DB6-4399-9B39-D340AC4F9929}"
EndProject
Project("{FAE04EC0-301F-11D3-BF4B-00C04F79EFBC}") = "UserService.AppCore", "src\Services\UserService\UserService.AppCore\UserService.AppCore.csproj", "{C546B19B-1B7E-4A34-8BDC-C846DF29FF0C}"
EndProject
Project("{FAE04EC0-301F-11D3-BF4B-00C04F79EFBC}") = "UserService.Infrastructure", "src\Services\UserService\UserService.Infrastructure\UserService.Infrastructure.csproj", "{3BB7CFE1-F063-439F-BFA8-5BDF6AFAD727}"
EndProject
Project("{2150E333-8FDC-42A3-9474-1A3956D46DE8}") = "CustomerService", "CustomerService", "{6352E823-C920-4211-BBA8-3972CAF96BBE}"
EndProject
Project("{2150E333-8FDC-42A3-9474-1A3956D46DE8}") = "EmployeeService", "EmployeeService", "{0F63316F-47D1-4763-8EFC-9D3FD264A9AD}"
EndProject
Project("{FAE04EC0-301F-11D3-BF4B-00C04F79EFBC}") = "Core", "src\Shared\Core\Core.csproj", "{E2F134D4-69AA-4F74-A4F7-DC0AB73CDB88}"
EndProject
Global
	GlobalSection(SolutionConfigurationPlatforms) = preSolution
		Debug|Any CPU = Debug|Any CPU
		Release|Any CPU = Release|Any CPU
	EndGlobalSection
	GlobalSection(NestedProjects) = preSolution
		{42AB1EB9-D8CB-41C1-BBC6-84073A9A8D4D} = {EEC08826-CC1D-4291-8A65-EC35DA04AAEF}
		{818D26FA-3A52-4AF8-98A5-3C1AEBFD548B} = {6B53CBFE-C3BD-467F-9BAE-D501815E01AA}
		{1D319322-1DB6-4399-9B39-D340AC4F9929} = {818D26FA-3A52-4AF8-98A5-3C1AEBFD548B}
		{C546B19B-1B7E-4A34-8BDC-C846DF29FF0C} = {818D26FA-3A52-4AF8-98A5-3C1AEBFD548B}
		{3BB7CFE1-F063-439F-BFA8-5BDF6AFAD727} = {818D26FA-3A52-4AF8-98A5-3C1AEBFD548B}
		{6352E823-C920-4211-BBA8-3972CAF96BBE} = {6B53CBFE-C3BD-467F-9BAE-D501815E01AA}
		{0F63316F-47D1-4763-8EFC-9D3FD264A9AD} = {6B53CBFE-C3BD-467F-9BAE-D501815E01AA}
		{E2F134D4-69AA-4F74-A4F7-DC0AB73CDB88} = {EEC08826-CC1D-4291-8A65-EC35DA04AAEF}
	EndGlobalSection
	GlobalSection(ProjectConfigurationPlatforms) = postSolution
		{42AB1EB9-D8CB-41C1-BBC6-84073A9A8D4D}.Debug|Any CPU.ActiveCfg = Debug|Any CPU
		{42AB1EB9-D8CB-41C1-BBC6-84073A9A8D4D}.Debug|Any CPU.Build.0 = Debug|Any CPU
		{42AB1EB9-D8CB-41C1-BBC6-84073A9A8D4D}.Release|Any CPU.ActiveCfg = Release|Any CPU
		{42AB1EB9-D8CB-41C1-BBC6-84073A9A8D4D}.Release|Any CPU.Build.0 = Release|Any CPU
		{1D319322-1DB6-4399-9B39-D340AC4F9929}.Debug|Any CPU.ActiveCfg = Debug|Any CPU
		{1D319322-1DB6-4399-9B39-D340AC4F9929}.Debug|Any CPU.Build.0 = Debug|Any CPU
		{1D319322-1DB6-4399-9B39-D340AC4F9929}.Release|Any CPU.ActiveCfg = Release|Any CPU
		{1D319322-1DB6-4399-9B39-D340AC4F9929}.Release|Any CPU.Build.0 = Release|Any CPU
		{C546B19B-1B7E-4A34-8BDC-C846DF29FF0C}.Debug|Any CPU.ActiveCfg = Debug|Any CPU
		{C546B19B-1B7E-4A34-8BDC-C846DF29FF0C}.Debug|Any CPU.Build.0 = Debug|Any CPU
		{C546B19B-1B7E-4A34-8BDC-C846DF29FF0C}.Release|Any CPU.ActiveCfg = Release|Any CPU
		{C546B19B-1B7E-4A34-8BDC-C846DF29FF0C}.Release|Any CPU.Build.0 = Release|Any CPU
		{3BB7CFE1-F063-439F-BFA8-5BDF6AFAD727}.Debug|Any CPU.ActiveCfg = Debug|Any CPU
		{3BB7CFE1-F063-439F-BFA8-5BDF6AFAD727}.Debug|Any CPU.Build.0 = Debug|Any CPU
		{3BB7CFE1-F063-439F-BFA8-5BDF6AFAD727}.Release|Any CPU.ActiveCfg = Release|Any CPU
		{3BB7CFE1-F063-439F-BFA8-5BDF6AFAD727}.Release|Any CPU.Build.0 = Release|Any CPU
		{E2F134D4-69AA-4F74-A4F7-DC0AB73CDB88}.Debug|Any CPU.ActiveCfg = Debug|Any CPU
		{E2F134D4-69AA-4F74-A4F7-DC0AB73CDB88}.Debug|Any CPU.Build.0 = Debug|Any CPU
		{E2F134D4-69AA-4F74-A4F7-DC0AB73CDB88}.Release|Any CPU.ActiveCfg = Release|Any CPU
		{E2F134D4-69AA-4F74-A4F7-DC0AB73CDB88}.Release|Any CPU.Build.0 = Release|Any CPU
	EndGlobalSection
EndGlobal
